{
  "version": "5",
  "remote": {
    "https://esm.sh/@supabase/supabase-js@2.49.1": "947c71e163ca8bb5b538eccb5ee86fbc8da6bcb916a861586db5fad1af4701bb"
  },
  "workspace": {
    "packageJson": {
      "dependencies": [
        "npm:@eslint/js@^9.33.0",
        "npm:@supabase/supabase-js@^2.116.0",
        "npm:@tailwindcss/vite@^4.1.13",
        "npm:@types/react-dom@^19.1.7",
        "npm:@types/react@^19.1.10",
        "npm:@vitejs/plugin-react@5",
        "npm:axios@^1.11.0",
        "npm:eslint-plugin-react-hooks@^5.2.0",
        "npm:eslint-plugin-react-refresh@~0.4.20",
        "npm:eslint@^9.33.0",
        "npm:framer-motion@^12.23.12",
        "npm:globals@^16.3.0",
        "npm:jspdf@^3.0.2",
        "npm:leaflet@^1.9.4",
        "npm:lucide-react@0.542",
        "npm:motion@^12.23.12",
        "npm:react-dom@^19.1.1",
        "npm:react-leaflet@5",
        "npm:react-router-dom@^7.8.2",
        "npm:react@^19.1.1",
        "npm:tailwindcss@^4.1.13",
        "npm:vite@^7.1.2"
      ]
    }
  }
}
